
Microsoft Visual Studio Solution File, Format Version 11.00
# Visual Studio 2010
Project("{FAE04EC0-301F-11D3-BF4B-00C04F79EFBC}") = "BACnet", "BACnet.csproj", "{72BF55A6-9CC3-4A0D-8CFF-5B4A810177CF}"
EndProject
Project("{2150E333-8FDC-42A3-9474-1A3956D46DE8}") = "Test Projects", "Test Projects", "{385E12E6-1B33-46D2-867D-69F57186E936}"
EndProject
Project("{FAE04EC0-301F-11D3-BF4B-00C04F79EFBC}") = "BACnet.Tests", "..\BACnet.Tests\BACnet.Tests.csproj", "{261980F4-CE0C-4A76-A829-0999FE48D2A3}"
EndProject
Project("{2150E333-8FDC-42A3-9474-1A3956D46DE8}") = "Solution Items", "Solution Items", "{67157408-DA60-4EB8-BAB1-B14458D231B9}"
	ProjectSection(SolutionItems) = preProject
		BACnet.vsmdi = BACnet.vsmdi
		Local.testsettings = Local.testsettings
		TraceAndTestImpact.testsettings = TraceAndTestImpact.testsettings
	EndProjectSection
EndProject
Global
	GlobalSection(TestCaseManagementSettings) = postSolution
		CategoryFile = BACnet.vsmdi
	EndGlobalSection
	GlobalSection(SolutionConfigurationPlatforms) = preSolution
		Debug|Any CPU = Debug|Any CPU
		Release|Any CPU = Release|Any CPU
	EndGlobalSection
	GlobalSection(ProjectConfigurationPlatforms) = postSolution
		{72BF55A6-9CC3-4A0D-8CFF-5B4A810177CF}.Debug|Any CPU.ActiveCfg = Debug|Any CPU
		{72BF55A6-9CC3-4A0D-8CFF-5B4A810177CF}.Debug|Any CPU.Build.0 = Debug|Any CPU
		{72BF55A6-9CC3-4A0D-8CFF-5B4A810177CF}.Release|Any CPU.ActiveCfg = Release|Any CPU
		{72BF55A6-9CC3-4A0D-8CFF-5B4A810177CF}.Release|Any CPU.Build.0 = Release|Any CPU
		{261980F4-CE0C-4A76-A829-0999FE48D2A3}.Debug|Any CPU.ActiveCfg = Debug|Any CPU
		{261980F4-CE0C-4A76-A829-0999FE48D2A3}.Debug|Any CPU.Build.0 = Debug|Any CPU
		{261980F4-CE0C-4A76-A829-0999FE48D2A3}.Release|Any CPU.ActiveCfg = Release|Any CPU
		{261980F4-CE0C-4A76-A829-0999FE48D2A3}.Release|Any CPU.Build.0 = Release|Any CPU
	EndGlobalSection
	GlobalSection(SolutionProperties) = preSolution
		HideSolutionNode = FALSE
	EndGlobalSection
	GlobalSection(NestedProjects) = preSolution
		{261980F4-CE0C-4A76-A829-0999FE48D2A3} = {385E12E6-1B33-46D2-867D-69F57186E936}
		{67157408-DA60-4EB8-BAB1-B14458D231B9} = {385E12E6-1B33-46D2-867D-69F57186E936}
	EndGlobalSection
EndGlobal
